# THIS IS AN AUTOGENERATED FILE. DO NOT EDIT THIS FILE DIRECTLY.
# yarn lockfile v1


colors@^1.3.3:
  version "1.3.3"
  resolved "https://registry.yarnpkg.com/colors/-/colors-1.3.3.tgz#39e005d546afe01e01f9c4ca8fa50f686a01205d"
  integrity sha512-mmGt/1pZqYRjMxB1axhTo16/snVZ5krrKkcmMeVKxzECMMXoCgnvTPp10QgHfcbQZw8Dq2jMNG6je4JlWU0gWg==

nats@^1.3.0:
  version "1.3.0"
  resolved "https://registry.yarnpkg.com/nats/-/nats-1.3.0.tgz#22a99a8bfbcfa6118db14ffad2f31f1f2197387c"
  integrity sha512-0Rbtl0WV5kXLcZlE5fbX06/YwVzvx9Ui5xaIsVH6rzRGu7FRUAHxueaZBPHIN3M82s3N4bbkSwghYipgcsIgbA==
  dependencies:
    nuid "^1.0.0"
    ts-nkeys "^1.0.8"

nuid@^1.0.0:
  version "1.1.0"
  resolved "https://registry.yarnpkg.com/nuid/-/nuid-1.1.0.tgz#e0c5746350a25562f58283197f34c50861f44675"
  integrity sha512-C/JdZ6PtCqKsCEs4ni76nhBsdmuQgLAT/CTLNprkcLViDAnkk7qx5sSA8PVC2vmSsdBlSsFuGb52v6pwn1oaeg==

ts-nkeys@^1.0.8:
  version "1.0.12"
  resolved "https://registry.yarnpkg.com/ts-nkeys/-/ts-nkeys-1.0.12.tgz#cda47f4842fe2c4f88b1303817050673e16acb89"
  integrity sha512-5TgA+wbfxTy/9pdSuAhvneuL65KKoI7phonzNQH2UhnorAQAWehUwHNLEuli596wu/Fxh0SAhMeKZVLNx4s7Ow==
  dependencies:
    tweetnacl "^1.0.1"

tweetnacl@^1.0.1:
  version "1.0.1"
  resolved "https://registry.yarnpkg.com/tweetnacl/-/tweetnacl-1.0.1.tgz#2594d42da73cd036bd0d2a54683dd35a6b55ca17"
  integrity sha512-kcoMoKTPYnoeS50tzoqjPY3Uv9axeuuFAZY9M/9zFnhoVvRfxz9K29IMPD7jGmt2c8SW7i3gT9WqDl2+nV7p4A==
